
Microsoft Visual Studio Solution File, Format Version 12.00
# Visual Studio Version 17
VisualStudioVersion = 17.6.33801.468
MinimumVisualStudioVersion = 10.0.40219.1
Project("{FAE04EC0-301F-11D3-BF4B-00C04F79EFBC}") = "HANGMAN", "HANGMAN\HANGMAN.csproj", "{1DD95ECD-AD5B-4659-BCC2-7907C6816B23}"
EndProject
Global
	GlobalSection(SolutionConfigurationPlatforms) = preSolution
		Debug|Any CPU = Debug|Any CPU
		Release|Any CPU = Release|Any CPU
	EndGlobalSection
	GlobalSection(ProjectConfigurationPlatforms) = postSolution
		{1DD95ECD-AD5B-4659-BCC2-7907C6816B23}.Debug|Any CPU.ActiveCfg = Debug|Any CPU
		{1DD95ECD-AD5B-4659-BCC2-7907C6816B23}.Debug|Any CPU.Build.0 = Debug|Any CPU
		{1DD95ECD-AD5B-4659-BCC2-7907C6816B23}.Release|Any CPU.ActiveCfg = Release|Any CPU
		{1DD95ECD-AD5B-4659-BCC2-7907C6816B23}.Release|Any CPU.Build.0 = Release|Any CPU
	EndGlobalSection
	GlobalSection(SolutionProperties) = preSolution
		HideSolutionNode = FALSE
	EndGlobalSection
	GlobalSection(ExtensibilityGlobals) = postSolution
		SolutionGuid = {0897A44C-BCE9-4316-9CE7-3915A4FDE265}
	EndGlobalSection
EndGlobal
